// !$*UTF8*$!
{
	archiveVersion = 1;
	classes = {
	};
	objectVersion = 46;
	objects = {

/* Begin PBXBuildFile section */
		4CFE06131D4F9A6100015552 /* AppDelegate.swift in Sources */ = {isa = PBXBuildFile; fileRef = 4CFE06121D4F9A6100015552 /* AppDelegate.swift */; };
		4CFE06151D4F9A6100015552 /* ViewController.swift in Sources */ = {isa = PBXBuildFile; fileRef = 4CFE06141D4F9A6100015552 /* ViewController.swift */; };
		4CFE06181D4F9A6100015552 /* Main.storyboard in Resources */ = {isa = PBXBuildFile; fileRef = 4CFE06161D4F9A6100015552 /* Main.storyboard */; };
		4CFE061A1D4F9A6100015552 /* Assets.xcassets in Resources */ = {isa = PBXBuildFile; fileRef = 4CFE06191D4F9A6100015552 /* Assets.xcassets */; };
		4CFE061D1D4F9A6100015552 /* LaunchScreen.storyboard in Resources */ = {isa = PBXBuildFile; fileRef = 4CFE061B1D4F9A6100015552 /* LaunchScreen.storyboard */; };
		4CFE06281D4F9A6100015552 /* _3_FristSwiftDemoTests.swift in Sources */ = {isa = PBXBuildFile; fileRef = 4CFE06271D4F9A6100015552 /* _3_FristSwiftDemoTests.swift */; };
		4CFE06331D4F9A6100015552 /* _3_FristSwiftDemoUITests.swift in Sources */ = {isa = PBXBuildFile; fileRef = 4CFE06321D4F9A6100015552 /* _3_FristSwiftDemoUITests.swift */; };
/* End PBXBuildFile section */

/* Begin PBXContainerItemProxy section */
		4CFE06241D4F9A6100015552 /* PBXContainerItemProxy */ = {
			isa = PBXContainerItemProxy;
			containerPortal = 4CFE06071D4F9A6000015552 /* Project object */;
			proxyType = 1;
			remoteGlobalIDString = 4CFE060E1D4F9A6100015552;
			remoteInfo = "03-FristSwiftDemo";
		};
		4CFE062F1D4F9A6100015552 /* PBXContainerItemProxy */ = {
			isa = PBXContainerItemProxy;
			containerPortal = 4CFE06071D4F9A6000015552 /* Project object */;
			proxyType = 1;
			remoteGlobalIDString = 4CFE060E1D4F9A6100015552;
			remoteInfo = "03-FristSwiftDemo";
		};
/* End PBXContainerItemProxy section */

/* Begin PBXFileReference section */
		4CFE060F1D4F9A6100015552 /* 03-FristSwiftDemo.app */ = {isa = PBXFileReference; explicitFileType = wrapper.application; includeInIndex = 0; path = "03-FristSwiftDemo.app"; sourceTree = BUILT_PRODUCTS_DIR; };
		4CFE06121D4F9A6100015552 /* AppDelegate.swift */ = {isa = PBXFileReference; lastKnownFileType = sourcecode.swift; path = AppDelegate.swift; sourceTree = "<group>"; };
		4CFE06141D4F9A6100015552 /* ViewController.swift */ = {isa = PBXFileReference; lastKnownFileType = sourcecode.swift; path = ViewController.swift; sourceTree = "<group>"; };
		4CFE06171D4F9A6100015552 /* Base */ = {isa = PBXFileReference; lastKnownFileType = file.storyboard; name = Base; path = Base.lproj/Main.storyboard; sourceTree = "<group>"; };
		4CFE06191D4F9A6100015552 /* Assets.xcassets */ = {isa = PBXFileReference; lastKnownFileType = folder.assetcatalog; path = Assets.xcassets; sourceTree = "<group>"; };
		4CFE061C1D4F9A6100015552 /* Base */ = {isa = PBXFileReference; lastKnownFileType = file.storyboard; name = Base; path = Base.lproj/LaunchScreen.storyboard; sourceTree = "<group>"; };
		4CFE061E1D4F9A6100015552 /* Info.plist */ = {isa = PBXFileReference; lastKnownFileType = text.plist.xml; path = Info.plist; sourceTree = "<group>"; };
		4CFE06231D4F9A6100015552 /* 03-FristSwiftDemoTests.xctest */ = {isa = PBXFileReference; explicitFileType = wrapper.cfbundle; includeInIndex = 0; path = "03-FristSwiftDemoTests.xctest"; sourceTree = BUILT_PRODUCTS_DIR; };
		4CFE06271D4F9A6100015552 /* _3_FristSwiftDemoTests.swift */ = {isa = PBXFileReference; lastKnownFileType = sourcecode.swift; path = _3_FristSwiftDemoTests.swift; sourceTree = "<group>"; };
		4CFE06291D4F9A6100015552 /* Info.plist */ = {isa = PBXFileReference; lastKnownFileType = text.plist.xml; path = Info.plist; sourceTree = "<group>"; };
		4CFE062E1D4F9A6100015552 /* 03-FristSwiftDemoUITests.xctest */ = {isa = PBXFileReference; explicitFileType = wrapper.cfbundle; includeInIndex = 0; path = "03-FristSwiftDemoUITests.xctest"; sourceTree = BUILT_PRODUCTS_DIR; };
		4CFE06321D4F9A6100015552 /* _3_FristSwiftDemoUITests.swift */ = {isa = PBXFileReference; lastKnownFileType = sourcecode.swift; path = _3_FristSwiftDemoUITests.swift; sourceTree = "<group>"; };
		4CFE06341D4F9A6100015552 /* Info.plist */ = {isa = PBXFileReference; lastKnownFileType = text.plist.xml; path = Info.plist; sourceTree = "<group>"; };
/* End PBXFileReference section */

/* Begin PBXFrameworksBuildPhase section */
		4CFE060C1D4F9A6100015552 /* Frameworks */ = {
			isa = PBXFrameworksBuildPhase;
			buildActionMask = 2147483647;
			files = (
			);
			runOnlyForDeploymentPostprocessing = 0;
		};
		4CFE06201D4F9A6100015552 /* Frameworks */ = {
			isa = PBXFrameworksBuildPhase;
			buildActionMask = 2147483647;
			files = (
			);
			runOnlyForDeploymentPostprocessing = 0;
		};
		4CFE062B1D4F9A6100015552 /* Frameworks */ = {
			isa = PBXFrameworksBuildPhase;
			buildActionMask = 2147483647;
			files = (
			);
			runOnlyForDeploymentPostprocessing = 0;
		};
/* End PBXFrameworksBuildPhase section */

/* Begin PBXGroup section */
		4CFE06061D4F9A6000015552 = {
			isa = PBXGroup;
			children = (
				4CFE06111D4F9A6100015552 /* 03-FristSwiftDemo */,
				4CFE06261D4F9A6100015552 /* 03-FristSwiftDemoTests */,
				4CFE06311D4F9A6100015552 /* 03-FristSwiftDemoUITests */,
				4CFE06101D4F9A6100015552 /* Products */,
			);
			sourceTree = "<group>";
		};
		4CFE06101D4F9A6100015552 /* Products */ = {
			isa = PBXGroup;
			children = (
				4CFE060F1D4F9A6100015552 /* 03-FristSwiftDemo.app */,
				4CFE06231D4F9A6100015552 /* 03-FristSwiftDemoTests.xctest */,
				4CFE062E1D4F9A6100015552 /* 03-FristSwiftDemoUITests.xctest */,
			);
			name = Products;
			sourceTree = "<group>";
		};
		4CFE06111D4F9A6100015552 /* 03-FristSwiftDemo */ = {
			isa = PBXGroup;
			children = (
				4CFE06121D4F9A6100015552 /* AppDelegate.swift */,
				4CFE06141D4F9A6100015552 /* ViewController.swift */,
				4CFE06161D4F9A6100015552 /* Main.storyboard */,
				4CFE06191D4F9A6100015552 /* Assets.xcassets */,
				4CFE061B1D4F9A6100015552 /* LaunchScreen.storyboard */,
				4CFE061E1D4F9A6100015552 /* Info.plist */,
			);
			path = "03-FristSwiftDemo";
			sourceTree = "<group>";
		};
		4CFE06261D4F9A6100015552 /* 03-FristSwiftDemoTests */ = {
			isa = PBXGroup;
			children = (
				4CFE06271D4F9A6100015552 /* _3_FristSwiftDemoTests.swift */,
				4CFE06291D4F9A6100015552 /* Info.plist */,
			);
			path = "03-FristSwiftDemoTests";
			sourceTree = "<group>";
		};
		4CFE06311D4F9A6100015552 /* 03-FristSwiftDemoUITests */ = {
			isa = PBXGroup;
			children = (
				4CFE06321D4F9A6100015552 /* _3_FristSwiftDemoUITests.swift */,
				4CFE06341D4F9A6100015552 /* Info.plist */,
			);
			path = "03-FristSwiftDemoUITests";
			sourceTree = "<group>";
		};
/* End PBXGroup section */

/* Begin PBXNativeTarget section */
		4CFE060E1D4F9A6100015552 /* 03-FristSwiftDemo */ = {
			isa = PBXNativeTarget;
			buildConfigurationList = 4CFE06371D4F9A6100015552 /* Build configuration list for PBXNativeTarget "03-FristSwiftDemo" */;
			buildPhases = (
				4CFE060B1D4F9A6100015552 /* Sources */,
				4CFE060C1D4F9A6100015552 /* Frameworks */,
				4CFE060D1D4F9A6100015552 /* Resources */,
			);
			buildRules = (
			);
			dependencies = (
			);
			name = "03-FristSwiftDemo";
			productName = "03-FristSwiftDemo";
			productReference = 4CFE060F1D4F9A6100015552 /* 03-FristSwiftDemo.app */;
			productType = "com.apple.product-type.application";
		};
		4CFE06221D4F9A6100015552 /* 03-FristSwiftDemoTests */ = {
			isa = PBXNativeTarget;
			buildConfigurationList = 4CFE063A1D4F9A6100015552 /* Build configuration list for PBXNativeTarget "03-FristSwiftDemoTests" */;
			buildPhases = (
				4CFE061F1D4F9A6100015552 /* Sources */,
				4CFE06201D4F9A6100015552 /* Frameworks */,
				4CFE06211D4F9A6100015552 /* Resources */,
			);
			buildRules = (
			);
			dependencies = (
				4CFE06251D4F9A6100015552 /* PBXTargetDependency */,
			);
			name = "03-FristSwiftDemoTests";
			productName = "03-FristSwiftDemoTests";
			productReference = 4CFE06231D4F9A6100015552 /* 03-FristSwiftDemoTests.xctest */;
			productType = "com.apple.product-type.bundle.unit-test";
		};
		4CFE062D1D4F9A6100015552 /* 03-FristSwiftDemoUITests */ = {
			isa = PBXNativeTarget;
			buildConfigurationList = 4CFE063D1D4F9A6100015552 /* Build configuration list for PBXNativeTarget "03-FristSwiftDemoUITests" */;
			buildPhases = (
				4CFE062A1D4F9A6100015552 /* Sources */,
				4CFE062B1D4F9A6100015552 /* Frameworks */,
				4CFE062C1D4F9A6100015552 /* Resources */,
			);
			buildRules = (
			);
			dependencies = (
				4CFE06301D4F9A6100015552 /* PBXTargetDependency */,
			);
			name = "03-FristSwiftDemoUITests";
			productName = "03-FristSwiftDemoUITests";
			productReference = 4CFE062E1D4F9A6100015552 /* 03-FristSwiftDemoUITests.xctest */;
			productType = "com.apple.product-type.bundle.ui-testing";
		};
/* End PBXNativeTarget section */

/* Begin PBXProject section */
		4CFE06071D4F9A6000015552 /* Project object */ = {
			isa = PBXProject;
			attributes = {
				LastSwiftUpdateCheck = 0730;
				LastUpgradeCheck = 0730;
				ORGANIZATIONNAME = 51fanxing;
				TargetAttributes = {
					4CFE060E1D4F9A6100015552 = {
						CreatedOnToolsVersion = 7.3.1;
					};
					4CFE06221D4F9A6100015552 = {
						CreatedOnToolsVersion = 7.3.1;
						TestTargetID = 4CFE060E1D4F9A6100015552;
					};
					4CFE062D1D4F9A6100015552 = {
						CreatedOnToolsVersion = 7.3.1;
						TestTargetID = 4CFE060E1D4F9A6100015552;
					};
				};
			};
			buildConfigurationList = 4CFE060A1D4F9A6000015552 /* Build configuration list for PBXProject "03-FristSwiftDemo" */;
			compatibilityVersion = "Xcode 3.2";
			developmentRegion = English;
			hasScannedForEncodings = 0;
			knownRegions = (
				en,
				Base,
			);
			mainGroup = 4CFE06061D4F9A6000015552;
			productRefGroup = 4CFE06101D4F9A6100015552 /* Products */;
			projectDirPath = "";
			projectRoot = "";
			targets = (
				4CFE060E1D4F9A6100015552 /* 03-FristSwiftDemo */,
				4CFE06221D4F9A6100015552 /* 03-FristSwiftDemoTests */,
				4CFE062D1D4F9A6100015552 /* 03-FristSwiftDemoUITests */,
			);
		};
/* End PBXProject section */

/* Begin PBXResourcesBuildPhase section */
		4CFE060D1D4F9A6100015552 /* Resources */ = {
			isa = PBXResourcesBuildPhase;
			buildActionMask = 2147483647;
			files = (
				4CFE061D1D4F9A6100015552 /* LaunchScreen.storyboard in Resources */,
				4CFE061A1D4F9A6100015552 /* Assets.xcassets in Resources */,
				4CFE06181D4F9A6100015552 /* Main.storyboard in Resources */,
			);
			runOnlyForDeploymentPostprocessing = 0;
		};
		4CFE06211D4F9A6100015552 /* Resources */ = {
			isa = PBXResourcesBuildPhase;
			buildActionMask = 2147483647;
			files = (
			);
			runOnlyForDeploymentPostprocessing = 0;
		};
		4CFE062C1D4F9A6100015552 /* Resources */ = {
			isa = PBXResourcesBuildPhase;
			buildActionMask = 2147483647;
			files = (
			);
			runOnlyForDeploymentPostprocessing = 0;
		};
/* End PBXResourcesBuildPhase section */

/* Begin PBXSourcesBuildPhase section */
		4CFE060B1D4F9A6100015552 /* Sources */ = {
			isa = PBXSourcesBuildPhase;
			buildActionMask = 2147483647;
			files = (
				4CFE06151D4F9A6100015552 /* ViewController.swift in Sources */,
				4CFE06131D4F9A6100015552 /* AppDelegate.swift in Sources */,
			);
			runOnlyForDeploymentPostprocessing = 0;
		};
		4CFE061F1D4F9A6100015552 /* Sources */ = {
			isa = PBXSourcesBuildPhase;
			buildActionMask = 2147483647;
			files = (
				4CFE06281D4F9A6100015552 /* _3_FristSwiftDemoTests.swift in Sources */,
			);
			runOnlyForDeploymentPostprocessing = 0;
		};
		4CFE062A1D4F9A6100015552 /* Sources */ = {
			isa = PBXSourcesBuildPhase;
			buildActionMask = 2147483647;
			files = (
				4CFE06331D4F9A6100015552 /* _3_FristSwiftDemoUITests.swift in Sources */,
			);
			runOnlyForDeploymentPostprocessing = 0;
		};
/* End PBXSourcesBuildPhase section */

/* Begin PBXTargetDependency section */
		4CFE06251D4F9A6100015552 /* PBXTargetDependency */ = {
			isa = PBXTargetDependency;
			target = 4CFE060E1D4F9A6100015552 /* 03-FristSwiftDemo */;
			targetProxy = 4CFE06241D4F9A6100015552 /* PBXContainerItemProxy */;
		};
		4CFE06301D4F9A6100015552 /* PBXTargetDependency */ = {
			isa = PBXTargetDependency;
			target = 4CFE060E1D4F9A6100015552 /* 03-FristSwiftDemo */;
			targetProxy = 4CFE062F1D4F9A6100015552 /* PBXContainerItemProxy */;
		};
/* End PBXTargetDependency section */

/* Begin PBXVariantGroup section */
		4CFE06161D4F9A6100015552 /* Main.storyboard */ = {
			isa = PBXVariantGroup;
			children = (
				4CFE06171D4F9A6100015552 /* Base */,
			);
			name = Main.storyboard;
			sourceTree = "<group>";
		};
		4CFE061B1D4F9A6100015552 /* LaunchScreen.storyboard */ = {
			isa = PBXVariantGroup;
			children = (
				4CFE061C1D4F9A6100015552 /* Base */,
			);
			name = LaunchScreen.storyboard;
			sourceTree = "<group>";
		};
/* End PBXVariantGroup section */

/* Begin XCBuildConfiguration section */
		4CFE06351D4F9A6100015552 /* Debug */ = {
			isa = XCBuildConfiguration;
			buildSettings = {
				ALWAYS_SEARCH_USER_PATHS = NO;
				CLANG_ANALYZER_NONNULL = YES;
				CLANG_CXX_LANGUAGE_STANDARD = "gnu++0x";
				CLANG_CXX_LIBRARY = "libc++";
				CLANG_ENABLE_MODULES = YES;
				CLANG_ENABLE_OBJC_ARC = YES;
				CLANG_WARN_BOOL_CONVERSION = YES;
				CLANG_WARN_CONSTANT_CONVERSION = YES;
				CLANG_WARN_DIRECT_OBJC_ISA_USAGE = YES_ERROR;
				CLANG_WARN_EMPTY_BODY = YES;
				CLANG_WARN_ENUM_CONVERSION = YES;
				CLANG_WARN_INT_CONVERSION = YES;
				CLANG_WARN_OBJC_ROOT_CLASS = YES_ERROR;
				CLANG_WARN_UNREACHABLE_CODE = YES;
				CLANG_WARN__DUPLICATE_METHOD_MATCH = YES;
				"CODE_SIGN_IDENTITY[sdk=iphoneos*]" = "iPhone Developer";
				COPY_PHASE_STRIP = NO;
				DEBUG_INFORMATION_FORMAT = dwarf;
				ENABLE_STRICT_OBJC_MSGSEND = YES;
				ENABLE_TESTABILITY = YES;
				GCC_C_LANGUAGE_STANDARD = gnu99;
				GCC_DYNAMIC_NO_PIC = NO;
				GCC_NO_COMMON_BLOCKS = YES;
				GCC_OPTIMIZATION_LEVEL = 0;
				GCC_PREPROCESSOR_DEFINITIONS = (
					"DEBUG=1",
					"$(inherited)",
				);
				GCC_WARN_64_TO_32_BIT_CONVERSION = YES;
				GCC_WARN_ABOUT_RETURN_TYPE = YES_ERROR;
				GCC_WARN_UNDECLARED_SELECTOR = YES;
				GCC_WARN_UNINITIALIZED_AUTOS = YES_AGGRESSIVE;
				GCC_WARN_UNUSED_FUNCTION = YES;
				GCC_WARN_UNUSED_VARIABLE = YES;
				IPHONEOS_DEPLOYMENT_TARGET = 9.3;
				MTL_ENABLE_DEBUG_INFO = YES;
				ONLY_ACTIVE_ARCH = YES;
				SDKROOT = iphoneos;
				SWIFT_OPTIMIZATION_LEVEL = "-Onone";
				TARGETED_DEVICE_FAMILY = "1,2";
			};
			name = Debug;
		};
		4CFE06361D4F9A6100015552 /* Release */ = {
			isa = XCBuildConfiguration;
			buildSettings = {
				ALWAYS_SEARCH_USER_PATHS = NO;
				CLANG_ANALYZER_NONNULL = YES;
				CLANG_CXX_LANGUAGE_STANDARD = "gnu++0x";
				CLANG_CXX_LIBRARY = "libc++";
				CLANG_ENABLE_MODULES = YES;
				CLANG_ENABLE_OBJC_ARC = YES;
				CLANG_WARN_BOOL_CONVERSION = YES;
				CLANG_WARN_CONSTANT_CONVERSION = YES;
				CLANG_WARN_DIRECT_OBJC_ISA_USAGE = YES_ERROR;
				CLANG_WARN_EMPTY_BODY = YES;
				CLANG_WARN_ENUM_CONVERSION = YES;
				CLANG_WARN_INT_CONVERSION = YES;
				CLANG_WARN_OBJC_ROOT_CLASS = YES_ERROR;
				CLANG_WARN_UNREACHABLE_CODE = YES;
				CLANG_WARN__DUPLICATE_METHOD_MATCH = YES;
				"CODE_SIGN_IDENTITY[sdk=iphoneos*]" = "iPhone Developer";
				COPY_PHASE_STRIP = NO;
				DEBUG_INFORMATION_FORMAT = "dwarf-with-dsym";
				ENABLE_NS_ASSERTIONS = NO;
				ENABLE_STRICT_OBJC_MSGSEND = YES;
				GCC_C_LANGUAGE_STANDARD = gnu99;
				GCC_NO_COMMON_BLOCKS = YES;
				GCC_WARN_64_TO_32_BIT_CONVERSION = YES;
				GCC_WARN_ABOUT_RETURN_TYPE = YES_ERROR;
				GCC_WARN_UNDECLARED_SELECTOR = YES;
				GCC_WARN_UNINITIALIZED_AUTOS = YES_AGGRESSIVE;
				GCC_WARN_UNUSED_FUNCTION = YES;
				GCC_WARN_UNUSED_VARIABLE = YES;
				IPHONEOS_DEPLOYMENT_TARGET = 9.3;
				MTL_ENABLE_DEBUG_INFO = NO;
				SDKROOT = iphoneos;
				TARGETED_DEVICE_FAMILY = "1,2";
				VALIDATE_PRODUCT = YES;
			};
			name = Release;
		};
		4CFE06381D4F9A6100015552 /* Debug */ = {
			isa = XCBuildConfiguration;
			buildSettings = {
				ASSETCATALOG_COMPILER_APPICON_NAME = AppIcon;
				INFOPLIST_FILE = "03-FristSwiftDemo/Info.plist";
				LD_RUNPATH_SEARCH_PATHS = "$(inherited) @executable_path/Frameworks";
				PRODUCT_BUNDLE_IDENTIFIER = "com.51fanxing.-3-FristSwiftDemo";
				PRODUCT_NAME = "$(TARGET_NAME)";
			};
			name = Debug;
		};
		4CFE06391D4F9A6100015552 /* Release */ = {
			isa = XCBuildConfiguration;
			buildSettings = {
				ASSETCATALOG_COMPILER_APPICON_NAME = AppIcon;
				INFOPLIST_FILE = "03-FristSwiftDemo/Info.plist";
				LD_RUNPATH_SEARCH_PATHS = "$(inherited) @executable_path/Frameworks";
				PRODUCT_BUNDLE_IDENTIFIER = "com.51fanxing.-3-FristSwiftDemo";
				PRODUCT_NAME = "$(TARGET_NAME)";
			};
			name = Release;
		};
		4CFE063B1D4F9A6100015552 /* Debug */ = {
			isa = XCBuildConfiguration;
			buildSettings = {
				BUNDLE_LOADER = "$(TEST_HOST)";
				INFOPLIST_FILE = "03-FristSwiftDemoTests/Info.plist";
				LD_RUNPATH_SEARCH_PATHS = "$(inherited) @executable_path/Frameworks @loader_path/Frameworks";
				PRODUCT_BUNDLE_IDENTIFIER = "com.51fanxing.-3-FristSwiftDemoTests";
				PRODUCT_NAME = "$(TARGET_NAME)";
				TEST_HOST = "$(BUILT_PRODUCTS_DIR)/03-FristSwiftDemo.app/03-FristSwiftDemo";
			};
			name = Debug;
		};
		4CFE063C1D4F9A6100015552 /* Release */ = {
			isa = XCBuildConfiguration;
			buildSettings = {
				BUNDLE_LOADER = "$(TEST_HOST)";
				INFOPLIST_FILE = "03-FristSwiftDemoTests/Info.plist";
				LD_RUNPATH_SEARCH_PATHS = "$(inherited) @executable_path/Frameworks @loader_path/Frameworks";
				PRODUCT_BUNDLE_IDENTIFIER = "com.51fanxing.-3-FristSwiftDemoTests";
				PRODUCT_NAME = "$(TARGET_NAME)";
				TEST_HOST = "$(BUILT_PRODUCTS_DIR)/03-FristSwiftDemo.app/03-FristSwiftDemo";
			};
			name = Release;
		};
		4CFE063E1D4F9A6100015552 /* Debug */ = {
			isa = XCBuildConfiguration;
			buildSettings = {
				INFOPLIST_FILE = "03-FristSwiftDemoUITests/Info.plist";
				LD_RUNPATH_SEARCH_PATHS = "$(inherited) @executable_path/Frameworks @loader_path/Frameworks";
				PRODUCT_BUNDLE_IDENTIFIER = "com.51fanxing.-3-FristSwiftDemoUITests";
				PRODUCT_NAME = "$(TARGET_NAME)";
				TEST_TARGET_NAME = "03-FristSwiftDemo";
			};
			name = Debug;
		};
		4CFE063F1D4F9A6100015552 /* Release */ = {
			isa = XCBuildConfiguration;
			buildSettings = {
				INFOPLIST_FILE = "03-FristSwiftDemoUITests/Info.plist";
				LD_RUNPATH_SEARCH_PATHS = "$(inherited) @executable_path/Frameworks @loader_path/Frameworks";
				PRODUCT_BUNDLE_IDENTIFIER = "com.51fanxing.-3-FristSwiftDemoUITests";
				PRODUCT_NAME = "$(TARGET_NAME)";
				TEST_TARGET_NAME = "03-FristSwiftDemo";
			};
			name = Release;
		};
/* End XCBuildConfiguration section */

/* Begin XCConfigurationList section */
		4CFE060A1D4F9A6000015552 /* Build configuration list for PBXProject "03-FristSwiftDemo" */ = {
			isa = XCConfigurationList;
			buildConfigurations = (
				4CFE06351D4F9A6100015552 /* Debug */,
				4CFE06361D4F9A6100015552 /* Release */,
			);
			defaultConfigurationIsVisible = 0;
			defaultConfigurationName = Release;
		};
		4CFE06371D4F9A6100015552 /* Build configuration list for PBXNativeTarget "03-FristSwiftDemo" */ = {
			isa = XCConfigurationList;
			buildConfigurations = (
				4CFE06381D4F9A6100015552 /* Debug */,
				4CFE06391D4F9A6100015552 /* Release */,
			);
			defaultConfigurationIsVisible = 0;
		};
		4CFE063A1D4F9A6100015552 /* Build configuration list for PBXNativeTarget "03-FristSwiftDemoTests" */ = {
			isa = XCConfigurationList;
			buildConfigurations = (
				4CFE063B1D4F9A6100015552 /* Debug */,
				4CFE063C1D4F9A6100015552 /* Release */,
			);
			defaultConfigurationIsVisible = 0;
		};
		4CFE063D1D4F9A6100015552 /* Build configuration list for PBXNativeTarget "03-FristSwiftDemoUITests" */ = {
			isa = XCConfigurationList;
			buildConfigurations = (
				4CFE063E1D4F9A6100015552 /* Debug */,
				4CFE063F1D4F9A6100015552 /* Release */,
			);
			defaultConfigurationIsVisible = 0;
		};
/* End XCConfigurationList section */
	};
	rootObject = 4CFE06071D4F9A6000015552 /* Project object */;
}
